{
  "requires": true,
  "lockfileVersion": 1,
  "dependencies": {
    "node-forge": {
      "version": "0.7.1",
      "resolved": "https://registry.npmjs.org/node-forge/-/node-forge-0.7.1.tgz",
      "integrity": "sha1-naYR6giYL0uUIGs760zJZl8gwwA="
    },
    "xml-crypto": {
      "version": "0.10.1",
      "resolved": "https://registry.npmjs.org/xml-crypto/-/xml-crypto-0.10.1.tgz",
      "integrity": "sha1-+DL3TM9W8kr8rhFjofyrRNlndKg=",
      "requires": {
        "xmldom": "0.1.19",
        "xpath.js": "1.0.7"
      }
    },
    "xmldom": {
      "version": "0.1.19",
      "resolved": "https://registry.npmjs.org/xmldom/-/xmldom-0.1.19.tgz",
      "integrity": "sha1-Yx/Ad3bv2EEYvyUXGzftTQdaCrw="
    },
    "xpath.js": {
      "version": "1.0.7",
      "resolved": "https://registry.npmjs.org/xpath.js/-/xpath.js-1.0.7.tgz",
      "integrity": "sha1-fpRif1QSdsvGprArXTXpQYVls+Q="
    }
  }
}
